
Microsoft Visual Studio Solution File, Format Version 12.00
# Visual Studio Version 17
VisualStudioVersion = 17.11.35327.3
MinimumVisualStudioVersion = 10.0.40219.1
Project("{FAE04EC0-301F-11D3-BF4B-00C04F79EFBC}") = "DuongTrongTuanAnh_2280600041_lab06", "DuongTrongTuanAnh_2280600041_lab06\DuongTrongTuanAnh_2280600041_lab06.csproj", "{1701C06B-D320-4A3B-8654-359F895D080E}"
EndProject
Global
	GlobalSection(SolutionConfigurationPlatforms) = preSolution
		Debug|Any CPU = Debug|Any CPU
		Release|Any CPU = Release|Any CPU
	EndGlobalSection
	GlobalSection(ProjectConfigurationPlatforms) = postSolution
		{1701C06B-D320-4A3B-8654-359F895D080E}.Debug|Any CPU.ActiveCfg = Debug|Any CPU
		{1701C06B-D320-4A3B-8654-359F895D080E}.Debug|Any CPU.Build.0 = Debug|Any CPU
		{1701C06B-D320-4A3B-8654-359F895D080E}.Release|Any CPU.ActiveCfg = Release|Any CPU
		{1701C06B-D320-4A3B-8654-359F895D080E}.Release|Any CPU.Build.0 = Release|Any CPU
	EndGlobalSection
	GlobalSection(SolutionProperties) = preSolution
		HideSolutionNode = FALSE
	EndGlobalSection
	GlobalSection(ExtensibilityGlobals) = postSolution
		SolutionGuid = {33D59A8D-EBA1-413E-A166-893A08BA58E4}
	EndGlobalSection
EndGlobal
